
Microsoft Visual Studio Solution File, Format Version 12.00
# Visual Studio Version 17
VisualStudioVersion = 17.7.34031.279
MinimumVisualStudioVersion = 10.0.40219.1
Project("{FAE04EC0-301F-11D3-BF4B-00C04F79EFBC}") = "Assignment1", "Assignment1.csproj", "{356C1347-76CF-4F20-BBCE-A35A138CFEEB}"
EndProject
Global
	GlobalSection(SolutionConfigurationPlatforms) = preSolution
		Debug|Any CPU = Debug|Any CPU
		Release|Any CPU = Release|Any CPU
	EndGlobalSection
	GlobalSection(ProjectConfigurationPlatforms) = postSolution
		{356C1347-76CF-4F20-BBCE-A35A138CFEEB}.Debug|Any CPU.ActiveCfg = Debug|Any CPU
		{356C1347-76CF-4F20-BBCE-A35A138CFEEB}.Debug|Any CPU.Build.0 = Debug|Any CPU
		{356C1347-76CF-4F20-BBCE-A35A138CFEEB}.Release|Any CPU.ActiveCfg = Release|Any CPU
		{356C1347-76CF-4F20-BBCE-A35A138CFEEB}.Release|Any CPU.Build.0 = Release|Any CPU
	EndGlobalSection
	GlobalSection(SolutionProperties) = preSolution
		HideSolutionNode = FALSE
	EndGlobalSection
	GlobalSection(ExtensibilityGlobals) = postSolution
		SolutionGuid = {0F19BEC3-7DE6-42B6-96CB-06873E4ECAF0}
	EndGlobalSection
EndGlobal
